// !$*UTF8*$!
{
	archiveVersion = 1;
	classes = {
	};
	objectVersion = 46;
	objects = {

/* Begin PBXBuildFile section */
		E30F40B51B8DA78E00756860 /* main.m in Sources */ = {isa = PBXBuildFile; fileRef = E30F40B41B8DA78E00756860 /* main.m */; };
		E30F40B81B8DA78E00756860 /* AppDelegate.m in Sources */ = {isa = PBXBuildFile; fileRef = E30F40B71B8DA78E00756860 /* AppDelegate.m */; };
		E30F40BB1B8DA78E00756860 /* ViewController.m in Sources */ = {isa = PBXBuildFile; fileRef = E30F40BA1B8DA78E00756860 /* ViewController.m */; };
		E30F40BE1B8DA78F00756860 /* Main.storyboard in Resources */ = {isa = PBXBuildFile; fileRef = E30F40BC1B8DA78F00756860 /* Main.storyboard */; };
		E30F40C01B8DA78F00756860 /* Images.xcassets in Resources */ = {isa = PBXBuildFile; fileRef = E30F40BF1B8DA78F00756860 /* Images.xcassets */; };
		E30F40C31B8DA78F00756860 /* LaunchScreen.xib in Resources */ = {isa = PBXBuildFile; fileRef = E30F40C11B8DA78F00756860 /* LaunchScreen.xib */; };
		E30F40CF1B8DA78F00756860 /* TestTests.m in Sources */ = {isa = PBXBuildFile; fileRef = E30F40CE1B8DA78F00756860 /* TestTests.m */; };
/* End PBXBuildFile section */

/* Begin PBXContainerItemProxy section */
		E30F40C91B8DA78F00756860 /* PBXContainerItemProxy */ = {
			isa = PBXContainerItemProxy;
			containerPortal = E30F40A71B8DA78E00756860 /* Project object */;
			proxyType = 1;
			remoteGlobalIDString = E30F40AE1B8DA78E00756860;
			remoteInfo = Test;
		};
/* End PBXContainerItemProxy section */

/* Begin PBXFileReference section */
		E30F40AF1B8DA78E00756860 /* Test.app */ = {isa = PBXFileReference; explicitFileType = wrapper.application; includeInIndex = 0; path = Test.app; sourceTree = BUILT_PRODUCTS_DIR; };
		E30F40B31B8DA78E00756860 /* Info.plist */ = {isa = PBXFileReference; lastKnownFileType = text.plist.xml; path = Info.plist; sourceTree = "<group>"; };
		E30F40B41B8DA78E00756860 /* main.m */ = {isa = PBXFileReference; lastKnownFileType = sourcecode.c.objc; path = main.m; sourceTree = "<group>"; };
		E30F40B61B8DA78E00756860 /* AppDelegate.h */ = {isa = PBXFileReference; lastKnownFileType = sourcecode.c.h; path = AppDelegate.h; sourceTree = "<group>"; };
		E30F40B71B8DA78E00756860 /* AppDelegate.m */ = {isa = PBXFileReference; lastKnownFileType = sourcecode.c.objc; path = AppDelegate.m; sourceTree = "<group>"; };
		E30F40B91B8DA78E00756860 /* ViewController.h */ = {isa = PBXFileReference; lastKnownFileType = sourcecode.c.h; path = ViewController.h; sourceTree = "<group>"; };
		E30F40BA1B8DA78E00756860 /* ViewController.m */ = {isa = PBXFileReference; lastKnownFileType = sourcecode.c.objc; path = ViewController.m; sourceTree = "<group>"; };
		E30F40BD1B8DA78F00756860 /* Base */ = {isa = PBXFileReference; lastKnownFileType = file.storyboard; name = Base; path = Base.lproj/Main.storyboard; sourceTree = "<group>"; };
		E30F40BF1B8DA78F00756860 /* Images.xcassets */ = {isa = PBXFileReference; lastKnownFileType = folder.assetcatalog; path = Images.xcassets; sourceTree = "<group>"; };
		E30F40C21B8DA78F00756860 /* Base */ = {isa = PBXFileReference; lastKnownFileType = file.xib; name = Base; path = Base.lproj/LaunchScreen.xib; sourceTree = "<group>"; };
		E30F40C81B8DA78F00756860 /* TestTests.xctest */ = {isa = PBXFileReference; explicitFileType = wrapper.cfbundle; includeInIndex = 0; path = TestTests.xctest; sourceTree = BUILT_PRODUCTS_DIR; };
		E30F40CD1B8DA78F00756860 /* Info.plist */ = {isa = PBXFileReference; lastKnownFileType = text.plist.xml; path = Info.plist; sourceTree = "<group>"; };
		E30F40CE1B8DA78F00756860 /* TestTests.m */ = {isa = PBXFileReference; lastKnownFileType = sourcecode.c.objc; path = TestTests.m; sourceTree = "<group>"; };
/* End PBXFileReference section */

/* Begin PBXFrameworksBuildPhase section */
		E30F40AC1B8DA78E00756860 /* Frameworks */ = {
			isa = PBXFrameworksBuildPhase;
			buildActionMask = 2147483647;
			files = (
			);
			runOnlyForDeploymentPostprocessing = 0;
		};
		E30F40C51B8DA78F00756860 /* Frameworks */ = {
			isa = PBXFrameworksBuildPhase;
			buildActionMask = 2147483647;
			files = (
			);
			runOnlyForDeploymentPostprocessing = 0;
		};
/* End PBXFrameworksBuildPhase section */

/* Begin PBXGroup section */
		E30F40A61B8DA78E00756860 = {
			isa = PBXGroup;
			children = (
				E30F40B11B8DA78E00756860 /* Test */,
				E30F40CB1B8DA78F00756860 /* TestTests */,
				E30F40B01B8DA78E00756860 /* Products */,
			);
			sourceTree = "<group>";
		};
		E30F40B01B8DA78E00756860 /* Products */ = {
			isa = PBXGroup;
			children = (
				E30F40AF1B8DA78E00756860 /* Test.app */,
				E30F40C81B8DA78F00756860 /* TestTests.xctest */,
			);
			name = Products;
			sourceTree = "<group>";
		};
		E30F40B11B8DA78E00756860 /* Test */ = {
			isa = PBXGroup;
			children = (
				E30F40B61B8DA78E00756860 /* AppDelegate.h */,
				E30F40B71B8DA78E00756860 /* AppDelegate.m */,
				E30F40B91B8DA78E00756860 /* ViewController.h */,
				E30F40BA1B8DA78E00756860 /* ViewController.m */,
				E30F40BC1B8DA78F00756860 /* Main.storyboard */,
				E30F40BF1B8DA78F00756860 /* Images.xcassets */,
				E30F40C11B8DA78F00756860 /* LaunchScreen.xib */,
				E30F40B21B8DA78E00756860 /* Supporting Files */,
			);
			path = Test;
			sourceTree = "<group>";
		};
		E30F40B21B8DA78E00756860 /* Supporting Files */ = {
			isa = PBXGroup;
			children = (
				E30F40B31B8DA78E00756860 /* Info.plist */,
				E30F40B41B8DA78E00756860 /* main.m */,
			);
			name = "Supporting Files";
			sourceTree = "<group>";
		};
		E30F40CB1B8DA78F00756860 /* TestTests */ = {
			isa = PBXGroup;
			children = (
				E30F40CE1B8DA78F00756860 /* TestTests.m */,
				E30F40CC1B8DA78F00756860 /* Supporting Files */,
			);
			path = TestTests;
			sourceTree = "<group>";
		};
		E30F40CC1B8DA78F00756860 /* Supporting Files */ = {
			isa = PBXGroup;
			children = (
				E30F40CD1B8DA78F00756860 /* Info.plist */,
			);
			name = "Supporting Files";
			sourceTree = "<group>";
		};
/* End PBXGroup section */

/* Begin PBXNativeTarget section */
		E30F40AE1B8DA78E00756860 /* Test */ = {
			isa = PBXNativeTarget;
			buildConfigurationList = E30F40D21B8DA78F00756860 /* Build configuration list for PBXNativeTarget "Test" */;
			buildPhases = (
				E30F40AB1B8DA78E00756860 /* Sources */,
				E30F40AC1B8DA78E00756860 /* Frameworks */,
				E30F40AD1B8DA78E00756860 /* Resources */,
			);
			buildRules = (
			);
			dependencies = (
			);
			name = Test;
			productName = Test;
			productReference = E30F40AF1B8DA78E00756860 /* Test.app */;
			productType = "com.apple.product-type.application";
		};
		E30F40C71B8DA78F00756860 /* TestTests */ = {
			isa = PBXNativeTarget;
			buildConfigurationList = E30F40D51B8DA78F00756860 /* Build configuration list for PBXNativeTarget "TestTests" */;
			buildPhases = (
				E30F40C41B8DA78F00756860 /* Sources */,
				E30F40C51B8DA78F00756860 /* Frameworks */,
				E30F40C61B8DA78F00756860 /* Resources */,
			);
			buildRules = (
			);
			dependencies = (
				E30F40CA1B8DA78F00756860 /* PBXTargetDependency */,
			);
			name = TestTests;
			productName = TestTests;
			productReference = E30F40C81B8DA78F00756860 /* TestTests.xctest */;
			productType = "com.apple.product-type.bundle.unit-test";
		};
/* End PBXNativeTarget section */

/* Begin PBXProject section */
		E30F40A71B8DA78E00756860 /* Project object */ = {
			isa = PBXProject;
			attributes = {
				LastUpgradeCheck = 0630;
				ORGANIZATIONNAME = HH;
				TargetAttributes = {
					E30F40AE1B8DA78E00756860 = {
						CreatedOnToolsVersion = 6.3.2;
					};
					E30F40C71B8DA78F00756860 = {
						CreatedOnToolsVersion = 6.3.2;
						TestTargetID = E30F40AE1B8DA78E00756860;
					};
				};
			};
			buildConfigurationList = E30F40AA1B8DA78E00756860 /* Build configuration list for PBXProject "Test" */;
			compatibilityVersion = "Xcode 3.2";
			developmentRegion = English;
			hasScannedForEncodings = 0;
			knownRegions = (
				en,
				Base,
			);
			mainGroup = E30F40A61B8DA78E00756860;
			productRefGroup = E30F40B01B8DA78E00756860 /* Products */;
			projectDirPath = "";
			projectRoot = "";
			targets = (
				E30F40AE1B8DA78E00756860 /* Test */,
				E30F40C71B8DA78F00756860 /* TestTests */,
			);
		};
/* End PBXProject section */

/* Begin PBXResourcesBuildPhase section */
		E30F40AD1B8DA78E00756860 /* Resources */ = {
			isa = PBXResourcesBuildPhase;
			buildActionMask = 2147483647;
			files = (
				E30F40BE1B8DA78F00756860 /* Main.storyboard in Resources */,
				E30F40C31B8DA78F00756860 /* LaunchScreen.xib in Resources */,
				E30F40C01B8DA78F00756860 /* Images.xcassets in Resources */,
			);
			runOnlyForDeploymentPostprocessing = 0;
		};
		E30F40C61B8DA78F00756860 /* Resources */ = {
			isa = PBXResourcesBuildPhase;
			buildActionMask = 2147483647;
			files = (
			);
			runOnlyForDeploymentPostprocessing = 0;
		};
/* End PBXResourcesBuildPhase section */

/* Begin PBXSourcesBuildPhase section */
		E30F40AB1B8DA78E00756860 /* Sources */ = {
			isa = PBXSourcesBuildPhase;
			buildActionMask = 2147483647;
			files = (
				E30F40BB1B8DA78E00756860 /* ViewController.m in Sources */,
				E30F40B81B8DA78E00756860 /* AppDelegate.m in Sources */,
				E30F40B51B8DA78E00756860 /* main.m in Sources */,
			);
			runOnlyForDeploymentPostprocessing = 0;
		};
		E30F40C41B8DA78F00756860 /* Sources */ = {
			isa = PBXSourcesBuildPhase;
			buildActionMask = 2147483647;
			files = (
				E30F40CF1B8DA78F00756860 /* TestTests.m in Sources */,
			);
			runOnlyForDeploymentPostprocessing = 0;
		};
/* End PBXSourcesBuildPhase section */

/* Begin PBXTargetDependency section */
		E30F40CA1B8DA78F00756860 /* PBXTargetDependency */ = {
			isa = PBXTargetDependency;
			target = E30F40AE1B8DA78E00756860 /* Test */;
			targetProxy = E30F40C91B8DA78F00756860 /* PBXContainerItemProxy */;
		};
/* End PBXTargetDependency section */

/* Begin PBXVariantGroup section */
		E30F40BC1B8DA78F00756860 /* Main.storyboard */ = {
			isa = PBXVariantGroup;
			children = (
				E30F40BD1B8DA78F00756860 /* Base */,
			);
			name = Main.storyboard;
			sourceTree = "<group>";
		};
		E30F40C11B8DA78F00756860 /* LaunchScreen.xib */ = {
			isa = PBXVariantGroup;
			children = (
				E30F40C21B8DA78F00756860 /* Base */,
			);
			name = LaunchScreen.xib;
			sourceTree = "<group>";
		};
/* End PBXVariantGroup section */

/* Begin XCBuildConfiguration section */
		E30F40D01B8DA78F00756860 /* Debug */ = {
			isa = XCBuildConfiguration;
			buildSettings = {
				ALWAYS_SEARCH_USER_PATHS = NO;
				CLANG_CXX_LANGUAGE_STANDARD = "gnu++0x";
				CLANG_CXX_LIBRARY = "libc++";
				CLANG_ENABLE_MODULES = YES;
				CLANG_ENABLE_OBJC_ARC = YES;
				CLANG_WARN_BOOL_CONVERSION = YES;
				CLANG_WARN_CONSTANT_CONVERSION = YES;
				CLANG_WARN_DIRECT_OBJC_ISA_USAGE = YES_ERROR;
				CLANG_WARN_EMPTY_BODY = YES;
				CLANG_WARN_ENUM_CONVERSION = YES;
				CLANG_WARN_INT_CONVERSION = YES;
				CLANG_WARN_OBJC_ROOT_CLASS = YES_ERROR;
				CLANG_WARN_UNREACHABLE_CODE = YES;
				CLANG_WARN__DUPLICATE_METHOD_MATCH = YES;
				"CODE_SIGN_IDENTITY[sdk=iphoneos*]" = "iPhone Developer";
				COPY_PHASE_STRIP = NO;
				DEBUG_INFORMATION_FORMAT = "dwarf-with-dsym";
				ENABLE_STRICT_OBJC_MSGSEND = YES;
				GCC_C_LANGUAGE_STANDARD = gnu99;
				GCC_DYNAMIC_NO_PIC = NO;
				GCC_NO_COMMON_BLOCKS = YES;
				GCC_OPTIMIZATION_LEVEL = 0;
				GCC_PREPROCESSOR_DEFINITIONS = (
					"DEBUG=1",
					"$(inherited)",
				);
				GCC_SYMBOLS_PRIVATE_EXTERN = NO;
				GCC_WARN_64_TO_32_BIT_CONVERSION = YES;
				GCC_WARN_ABOUT_RETURN_TYPE = YES_ERROR;
				GCC_WARN_UNDECLARED_SELECTOR = YES;
				GCC_WARN_UNINITIALIZED_AUTOS = YES_AGGRESSIVE;
				GCC_WARN_UNUSED_FUNCTION = YES;
				GCC_WARN_UNUSED_VARIABLE = YES;
				IPHONEOS_DEPLOYMENT_TARGET = 8.3;
				MTL_ENABLE_DEBUG_INFO = YES;
				ONLY_ACTIVE_ARCH = YES;
				SDKROOT = iphoneos;
			};
			name = Debug;
		};
		E30F40D11B8DA78F00756860 /* Release */ = {
			isa = XCBuildConfiguration;
			buildSettings = {
				ALWAYS_SEARCH_USER_PATHS = NO;
				CLANG_CXX_LANGUAGE_STANDARD = "gnu++0x";
				CLANG_CXX_LIBRARY = "libc++";
				CLANG_ENABLE_MODULES = YES;
				CLANG_ENABLE_OBJC_ARC = YES;
				CLANG_WARN_BOOL_CONVERSION = YES;
				CLANG_WARN_CONSTANT_CONVERSION = YES;
				CLANG_WARN_DIRECT_OBJC_ISA_USAGE = YES_ERROR;
				CLANG_WARN_EMPTY_BODY = YES;
				CLANG_WARN_ENUM_CONVERSION = YES;
				CLANG_WARN_INT_CONVERSION = YES;
				CLANG_WARN_OBJC_ROOT_CLASS = YES_ERROR;
				CLANG_WARN_UNREACHABLE_CODE = YES;
				CLANG_WARN__DUPLICATE_METHOD_MATCH = YES;
				"CODE_SIGN_IDENTITY[sdk=iphoneos*]" = "iPhone Developer";
				COPY_PHASE_STRIP = NO;
				DEBUG_INFORMATION_FORMAT = "dwarf-with-dsym";
				ENABLE_NS_ASSERTIONS = NO;
				ENABLE_STRICT_OBJC_MSGSEND = YES;
				GCC_C_LANGUAGE_STANDARD = gnu99;
				GCC_NO_COMMON_BLOCKS = YES;
				GCC_WARN_64_TO_32_BIT_CONVERSION = YES;
				GCC_WARN_ABOUT_RETURN_TYPE = YES_ERROR;
				GCC_WARN_UNDECLARED_SELECTOR = YES;
				GCC_WARN_UNINITIALIZED_AUTOS = YES_AGGRESSIVE;
				GCC_WARN_UNUSED_FUNCTION = YES;
				GCC_WARN_UNUSED_VARIABLE = YES;
				IPHONEOS_DEPLOYMENT_TARGET = 8.3;
				MTL_ENABLE_DEBUG_INFO = NO;
				SDKROOT = iphoneos;
				VALIDATE_PRODUCT = YES;
			};
			name = Release;
		};
		E30F40D31B8DA78F00756860 /* Debug */ = {
			isa = XCBuildConfiguration;
			buildSettings = {
				ASSETCATALOG_COMPILER_APPICON_NAME = AppIcon;
				INFOPLIST_FILE = Test/Info.plist;
				LD_RUNPATH_SEARCH_PATHS = "$(inherited) @executable_path/Frameworks";
				PRODUCT_NAME = "$(TARGET_NAME)";
			};
			name = Debug;
		};
		E30F40D41B8DA78F00756860 /* Release */ = {
			isa = XCBuildConfiguration;
			buildSettings = {
				ASSETCATALOG_COMPILER_APPICON_NAME = AppIcon;
				INFOPLIST_FILE = Test/Info.plist;
				LD_RUNPATH_SEARCH_PATHS = "$(inherited) @executable_path/Frameworks";
				PRODUCT_NAME = "$(TARGET_NAME)";
			};
			name = Release;
		};
		E30F40D61B8DA78F00756860 /* Debug */ = {
			isa = XCBuildConfiguration;
			buildSettings = {
				BUNDLE_LOADER = "$(TEST_HOST)";
				FRAMEWORK_SEARCH_PATHS = (
					"$(SDKROOT)/Developer/Library/Frameworks",
					"$(inherited)",
				);
				GCC_PREPROCESSOR_DEFINITIONS = (
					"DEBUG=1",
					"$(inherited)",
				);
				INFOPLIST_FILE = TestTests/Info.plist;
				LD_RUNPATH_SEARCH_PATHS = "$(inherited) @executable_path/Frameworks @loader_path/Frameworks";
				PRODUCT_NAME = "$(TARGET_NAME)";
				TEST_HOST = "$(BUILT_PRODUCTS_DIR)/Test.app/Test";
			};
			name = Debug;
		};
		E30F40D71B8DA78F00756860 /* Release */ = {
			isa = XCBuildConfiguration;
			buildSettings = {
				BUNDLE_LOADER = "$(TEST_HOST)";
				FRAMEWORK_SEARCH_PATHS = (
					"$(SDKROOT)/Developer/Library/Frameworks",
					"$(inherited)",
				);
				INFOPLIST_FILE = TestTests/Info.plist;
				LD_RUNPATH_SEARCH_PATHS = "$(inherited) @executable_path/Frameworks @loader_path/Frameworks";
				PRODUCT_NAME = "$(TARGET_NAME)";
				TEST_HOST = "$(BUILT_PRODUCTS_DIR)/Test.app/Test";
			};
			name = Release;
		};
/* End XCBuildConfiguration section */

/* Begin XCConfigurationList section */
		E30F40AA1B8DA78E00756860 /* Build configuration list for PBXProject "Test" */ = {
			isa = XCConfigurationList;
			buildConfigurations = (
				E30F40D01B8DA78F00756860 /* Debug */,
				E30F40D11B8DA78F00756860 /* Release */,
			);
			defaultConfigurationIsVisible = 0;
			defaultConfigurationName = Release;
		};
		E30F40D21B8DA78F00756860 /* Build configuration list for PBXNativeTarget "Test" */ = {
			isa = XCConfigurationList;
			buildConfigurations = (
				E30F40D31B8DA78F00756860 /* Debug */,
				E30F40D41B8DA78F00756860 /* Release */,
			);
			defaultConfigurationIsVisible = 0;
		};
		E30F40D51B8DA78F00756860 /* Build configuration list for PBXNativeTarget "TestTests" */ = {
			isa = XCConfigurationList;
			buildConfigurations = (
				E30F40D61B8DA78F00756860 /* Debug */,
				E30F40D71B8DA78F00756860 /* Release */,
			);
			defaultConfigurationIsVisible = 0;
		};
/* End XCConfigurationList section */
	};
	rootObject = E30F40A71B8DA78E00756860 /* Project object */;
}
